{
  "name": "sdk-test",
  "version": "1.0.0",
  "lockfileVersion": 2,
  "requires": true,
  "packages": {
    "": {
      "name": "sdk-test",
      "version": "1.0.0",
      "license": "ISC",
      "dependencies": {
        "@invariant-labs/a0-sdk": "file:../sdk",
        "dotenv": "^16.4.5"
      },
      "devDependencies": {
        "typescript": "^5.4.2"
      }
    },
    "../a0-sdk": {
      "extraneous": true
    },
    "../sdk": {
      "version": "0.2.1",
      "license": "ISC",
      "dependencies": {
        "@invariant-labs/a0-sdk-wasm": "^0.1.15",
        "@polkadot/api": "^10.11.2",
        "@polkadot/api-contract": "^10.11.2",
        "@scio-labs/use-inkathon": "^0.6.3",
        "ts-node": "^10.9.2",
        "typescript": "^5.3.3"
      },
      "devDependencies": {
        "@types/chai": "^4.3.11",
        "@types/mocha": "^10.0.6",
        "@typescript-eslint/eslint-plugin": "^6.16.0",
        "@typescript-eslint/parser": "^6.16.0",
        "chai": "^5.0.0",
        "eslint": "^8.56.0",
        "ts-mocha": "^10.0.0",
        "wasm-pack": "^0.12.1"
      }
    },
    "node_modules/@invariant-labs/a0-sdk": {
      "resolved": "../sdk",
      "link": true
    },
    "node_modules/dotenv": {
      "version": "16.4.5",
      "license": "BSD-2-Clause",
      "engines": {
        "node": ">=12"
      },
      "funding": {
        "url": "https://dotenvx.com"
      }
    },
    "node_modules/typescript": {
      "version": "5.4.5",
      "dev": true,
      "license": "Apache-2.0",
      "bin": {
        "tsc": "bin/tsc",
        "tsserver": "bin/tsserver"
      },
      "engines": {
        "node": ">=14.17"
      }
    }
  },
  "dependencies": {
    "@invariant-labs/a0-sdk": {
      "version": "file:../sdk",
      "requires": {
        "@invariant-labs/a0-sdk-wasm": "^0.1.15",
        "@polkadot/api": "^10.11.2",
        "@polkadot/api-contract": "^10.11.2",
        "@scio-labs/use-inkathon": "^0.6.3",
        "@types/chai": "^4.3.11",
        "@types/mocha": "^10.0.6",
        "@typescript-eslint/eslint-plugin": "^6.16.0",
        "@typescript-eslint/parser": "^6.16.0",
        "chai": "^5.0.0",
        "eslint": "^8.56.0",
        "ts-mocha": "^10.0.0",
        "ts-node": "^10.9.2",
        "typescript": "^5.3.3",
        "wasm-pack": "^0.12.1"
      }
    },
    "dotenv": {
      "version": "16.4.5"
    },
    "typescript": {
      "version": "5.4.5",
      "dev": true
    }
  }
}
