{
  "name": "sdk-test",
  "version": "1.0.0",
  "lockfileVersion": 3,
  "requires": true,
  "packages": {
    "": {
      "name": "sdk-test",
      "version": "1.0.0",
      "license": "ISC",
      "dependencies": {
        "a0-sdk": "file:../sdk"
      }
    },
    "../sdk": {
      "name": "a0-sdk",
      "version": "1.0.0",
      "license": "ISC",
      "dependencies": {
        "@polkadot/api": "^10.11.2",
        "@polkadot/api-contract": "^10.11.2",
        "@scio-labs/use-inkathon": "^0.6.3",
        "ts-node": "^10.9.2",
        "typescript": "^5.3.3",
        "wasm": "file:wasm/pkg"
      },
      "devDependencies": {
        "@types/chai": "^4.3.11",
        "@types/mocha": "^10.0.6",
        "@typescript-eslint/eslint-plugin": "^6.16.0",
        "@typescript-eslint/parser": "^6.16.0",
        "chai": "^5.0.0",
        "eslint": "^8.56.0",
        "ts-mocha": "^10.0.0",
        "wasm-pack": "^0.12.1"
      }
    },
    "node_modules/a0-sdk": {
      "resolved": "../sdk",
      "link": true
    }
  }
}
