{
  "name": "scripts",
  "version": "1.0.0",
  "lockfileVersion": 3,
  "requires": true,
  "packages": {
    "": {
      "name": "scripts",
      "version": "1.0.0",
      "license": "ISC",
      "dependencies": {
        "@invariant-labs/a0-sdk": "../sdk",
        "dotenv": "^16.4.5"
      },
      "devDependencies": {
        "typescript": "^5.4.2"
      }
    },
    "../sdk": {
      "name": "@invariant-labs/a0-sdk",
      "version": "0.2.24",
      "license": "ISC",
      "dependencies": {
        "@invariant-labs/a0-sdk-wasm": "0.1.26",
        "@polkadot/api": "^10.12.4",
        "@polkadot/api-contract": "^10.12.4",
        "@scio-labs/use-inkathon": "^0.6.3",
        "mocha": "^10.7.3",
        "ts-node": "^10.9.2",
        "typescript": "^5.3.3"
      },
      "devDependencies": {
        "@types/chai": "^4.3.11",
        "@types/mocha": "^10.0.6",
        "@typescript-eslint/eslint-plugin": "^6.16.0",
        "@typescript-eslint/parser": "^6.16.0",
        "chai": "^5.0.0",
        "eslint": "^8.56.0",
        "ts-mocha": "^10.0.0",
        "wasm-pack": "^0.12.1"
      }
    },
    "node_modules/@invariant-labs/a0-sdk": {
      "resolved": "../sdk",
      "link": true
    },
    "node_modules/dotenv": {
      "version": "16.4.5",
      "resolved": "https://registry.npmjs.org/dotenv/-/dotenv-16.4.5.tgz",
      "integrity": "sha512-ZmdL2rui+eB2YwhsWzjInR8LldtZHGDoQ1ugH85ppHKwpUHL7j7rN0Ti9NCnGiQbhaZ11FpR+7ao1dNsmduNUg==",
      "engines": {
        "node": ">=12"
      },
      "funding": {
        "url": "https://dotenvx.com"
      }
    },
    "node_modules/typescript": {
      "version": "5.6.2",
      "resolved": "https://registry.npmjs.org/typescript/-/typescript-5.6.2.tgz",
      "integrity": "sha512-NW8ByodCSNCwZeghjN3o+JX5OFH0Ojg6sadjEKY4huZ52TqbJTJnDo5+Tw98lSy63NZvi4n+ez5m2u5d4PkZyw==",
      "dev": true,
      "bin": {
        "tsc": "bin/tsc",
        "tsserver": "bin/tsserver"
      },
      "engines": {
        "node": ">=14.17"
      }
    }
  }
}
